// !$*UTF8*$!
{
	archiveVersion = 1;
	classes = {
	};
	objectVersion = 46;
	objects = {

/* Begin PBXBuildFile section */
		64085EDA17D8914E00503D23 /* rectangle3.png in Resources */ = {isa = PBXBuildFile; fileRef = 64085ED917D8914E00503D23 /* rectangle3.png */; };
		64085EE517D895DA00503D23 /* Power_-_Standby.png in Resources */ = {isa = PBXBuildFile; fileRef = 64085EDB17D895DA00503D23 /* Power_-_Standby.png */; };
		64085EE617D895DA00503D23 /* delete_iconcpy.png in Resources */ = {isa = PBXBuildFile; fileRef = 64085EDC17D895DA00503D23 /* delete_iconcpy.png */; };
		64085EE717D895DA00503D23 /* closebutton.png in Resources */ = {isa = PBXBuildFile; fileRef = 64085EDD17D895DA00503D23 /* closebutton.png */; };
		64085EE817D895DA00503D23 /* closebutton@2x.png in Resources */ = {isa = PBXBuildFile; fileRef = 64085EDE17D895DA00503D23 /* closebutton@2x.png */; };
		64085EE917D895DA00503D23 /* right_arrow.png in Resources */ = {isa = PBXBuildFile; fileRef = 64085EDF17D895DA00503D23 /* right_arrow.png */; };
		64085EEA17D895DA00503D23 /* right_arrow@2x.png in Resources */ = {isa = PBXBuildFile; fileRef = 64085EE017D895DA00503D23 /* right_arrow@2x.png */; };
		64085EEB17D895DA00503D23 /* left_arrow.png in Resources */ = {isa = PBXBuildFile; fileRef = 64085EE117D895DA00503D23 /* left_arrow.png */; };
		64085EEC17D895DA00503D23 /* left_arrow@2x.png in Resources */ = {isa = PBXBuildFile; fileRef = 64085EE217D895DA00503D23 /* left_arrow@2x.png */; };
		64085EED17D895DA00503D23 /* appbar.checkmark.thick.png in Resources */ = {isa = PBXBuildFile; fileRef = 64085EE317D895DA00503D23 /* appbar.checkmark.thick.png */; };
		64085EEE17D895DA00503D23 /* appbar.checkmark.thick.unchecked.png in Resources */ = {isa = PBXBuildFile; fileRef = 64085EE417D895DA00503D23 /* appbar.checkmark.thick.unchecked.png */; };
		64921A4317D99BAC00AB642E /* BasicdetailsViewController_iphone.xib in Resources */ = {isa = PBXBuildFile; fileRef = 64921A4217D99BAC00AB642E /* BasicdetailsViewController_iphone.xib */; };
		64921A4517D99BD200AB642E /* EducationViewController_iphone.xib in Resources */ = {isa = PBXBuildFile; fileRef = 64921A4417D99BD200AB642E /* EducationViewController_iphone.xib */; };
		64921A4717D99BF500AB642E /* NewMedicalViewController_iphone.xib in Resources */ = {isa = PBXBuildFile; fileRef = 64921A4617D99BF500AB642E /* NewMedicalViewController_iphone.xib */; };
		64921A4917D99C1800AB642E /* EmployeeViewController_iphone.xib in Resources */ = {isa = PBXBuildFile; fileRef = 64921A4817D99C1800AB642E /* EmployeeViewController_iphone.xib */; };
		64921A4B17D99C4600AB642E /* RaceViewController_iphone.xib in Resources */ = {isa = PBXBuildFile; fileRef = 64921A4A17D99C4600AB642E /* RaceViewController_iphone.xib */; };
		64921A4D17D99C7100AB642E /* CourseDrugViewController_iphone.xib in Resources */ = {isa = PBXBuildFile; fileRef = 64921A4C17D99C7100AB642E /* CourseDrugViewController_iphone.xib */; };
		64921A5217D9AC0400AB642E /* disclsurebtndwn@2x.png in Resources */ = {isa = PBXBuildFile; fileRef = 64921A4E17D9AC0400AB642E /* disclsurebtndwn@2x.png */; };
		64921A5317D9AC0400AB642E /* disclsurebtndwn.png in Resources */ = {isa = PBXBuildFile; fileRef = 64921A4F17D9AC0400AB642E /* disclsurebtndwn.png */; };
		64921A5417D9AC0400AB642E /* disclsurebtn@2x.png in Resources */ = {isa = PBXBuildFile; fileRef = 64921A5017D9AC0400AB642E /* disclsurebtn@2x.png */; };
		64921A5517D9AC0400AB642E /* disclsurebtn.png in Resources */ = {isa = PBXBuildFile; fileRef = 64921A5117D9AC0400AB642E /* disclsurebtn.png */; };
		D4CF26D817D994EA00F7651A /* LoginViewController_iphone.xib in Resources */ = {isa = PBXBuildFile; fileRef = D4CF26D717D994EA00F7651A /* LoginViewController_iphone.xib */; };
		D4D0E8C417DED36700C16158 /* EducationCell_iphone.xib in Resources */ = {isa = PBXBuildFile; fileRef = D4D0E8C317DED36700C16158 /* EducationCell_iphone.xib */; };
		D4D0E8C817DED91700C16158 /* AddEducationViewController.m in Sources */ = {isa = PBXBuildFile; fileRef = D4D0E8C617DED91700C16158 /* AddEducationViewController.m */; };
		D4D0E8C917DED91700C16158 /* AddEducationViewController.xib in Resources */ = {isa = PBXBuildFile; fileRef = D4D0E8C717DED91700C16158 /* AddEducationViewController.xib */; };
		D4D0E8CB17DEEF3F00C16158 /* Employeecell_iphone.xib in Resources */ = {isa = PBXBuildFile; fileRef = D4D0E8CA17DEEF3F00C16158 /* Employeecell_iphone.xib */; };
		D4DBE22817DD9EBF008010D9 /* AddNewMedicalViewController.m in Sources */ = {isa = PBXBuildFile; fileRef = D4DBE22617DD9EBF008010D9 /* AddNewMedicalViewController.m */; };
		D4DBE22917DD9EBF008010D9 /* AddNewMedicalViewController.xib in Resources */ = {isa = PBXBuildFile; fileRef = D4DBE22717DD9EBF008010D9 /* AddNewMedicalViewController.xib */; };
		D4DBE22B17DDA8C4008010D9 /* CourseDrugCell_iphone.xib in Resources */ = {isa = PBXBuildFile; fileRef = D4DBE22A17DDA8C4008010D9 /* CourseDrugCell_iphone.xib */; };
		D4E1005417D84F8B006336F8 /* UIKit.framework in Frameworks */ = {isa = PBXBuildFile; fileRef = D4E1005317D84F8B006336F8 /* UIKit.framework */; };
		D4E1005617D84F8B006336F8 /* Foundation.framework in Frameworks */ = {isa = PBXBuildFile; fileRef = D4E1005517D84F8B006336F8 /* Foundation.framework */; };
		D4E1005817D84F8B006336F8 /* CoreGraphics.framework in Frameworks */ = {isa = PBXBuildFile; fileRef = D4E1005717D84F8B006336F8 /* CoreGraphics.framework */; };
		D4E1005E17D84F8B006336F8 /* InfoPlist.strings in Resources */ = {isa = PBXBuildFile; fileRef = D4E1005C17D84F8B006336F8 /* InfoPlist.strings */; };
		D4E1006017D84F8B006336F8 /* main.m in Sources */ = {isa = PBXBuildFile; fileRef = D4E1005F17D84F8B006336F8 /* main.m */; };
		D4E1006417D84F8B006336F8 /* AppDelegate.m in Sources */ = {isa = PBXBuildFile; fileRef = D4E1006317D84F8B006336F8 /* AppDelegate.m */; };
		D4E1006617D84F8B006336F8 /* Default.png in Resources */ = {isa = PBXBuildFile; fileRef = D4E1006517D84F8B006336F8 /* Default.png */; };
		D4E1006817D84F8B006336F8 /* Default@2x.png in Resources */ = {isa = PBXBuildFile; fileRef = D4E1006717D84F8B006336F8 /* Default@2x.png */; };
		D4E1006A17D84F8B006336F8 /* Default-568h@2x.png in Resources */ = {isa = PBXBuildFile; fileRef = D4E1006917D84F8B006336F8 /* Default-568h@2x.png */; };
		D4E1006D17D84F8B006336F8 /* ViewController.m in Sources */ = {isa = PBXBuildFile; fileRef = D4E1006C17D84F8B006336F8 /* ViewController.m */; };
		D4E1007017D84F8B006336F8 /* ViewController_iPhone.xib in Resources */ = {isa = PBXBuildFile; fileRef = D4E1006E17D84F8B006336F8 /* ViewController_iPhone.xib */; };
		D4E1007317D84F8B006336F8 /* ViewController_iPad.xib in Resources */ = {isa = PBXBuildFile; fileRef = D4E1007117D84F8B006336F8 /* ViewController_iPad.xib */; };
		D4E1007C17D8511C006336F8 /* JobsiteViewController.m in Sources */ = {isa = PBXBuildFile; fileRef = D4E1007A17D8511C006336F8 /* JobsiteViewController.m */; };
		D4E1007D17D8511C006336F8 /* JobsiteViewController.xib in Resources */ = {isa = PBXBuildFile; fileRef = D4E1007B17D8511C006336F8 /* JobsiteViewController.xib */; };
		D4E1008117D85161006336F8 /* RegisterViewController.m in Sources */ = {isa = PBXBuildFile; fileRef = D4E1007F17D85161006336F8 /* RegisterViewController.m */; };
		D4E1008217D85161006336F8 /* RegisterViewController.xib in Resources */ = {isa = PBXBuildFile; fileRef = D4E1008017D85161006336F8 /* RegisterViewController.xib */; };
		D4E1008617D85173006336F8 /* LoginViewController.m in Sources */ = {isa = PBXBuildFile; fileRef = D4E1008417D85173006336F8 /* LoginViewController.m */; };
		D4E1008717D85173006336F8 /* LoginViewController.xib in Resources */ = {isa = PBXBuildFile; fileRef = D4E1008517D85173006336F8 /* LoginViewController.xib */; };
		D4E1008C17D85200006336F8 /* char4.png in Resources */ = {isa = PBXBuildFile; fileRef = D4E1008917D85200006336F8 /* char4.png */; };
		D4E1008D17D85200006336F8 /* char1.png in Resources */ = {isa = PBXBuildFile; fileRef = D4E1008A17D85200006336F8 /* char1.png */; };
		D4E1008E17D85200006336F8 /* char2.png in Resources */ = {isa = PBXBuildFile; fileRef = D4E1008B17D85200006336F8 /* char2.png */; };
		D4E1009017D854BC006336F8 /* bg.png in Resources */ = {isa = PBXBuildFile; fileRef = D4E1008F17D854BC006336F8 /* bg.png */; };
		D4E1009217D854CF006336F8 /* squareimage1.png in Resources */ = {isa = PBXBuildFile; fileRef = D4E1009117D854CF006336F8 /* squareimage1.png */; };
		D4E1009417D854D5006336F8 /* squareimage1@2x.png in Resources */ = {isa = PBXBuildFile; fileRef = D4E1009317D854D5006336F8 /* squareimage1@2x.png */; };
		D4E1009617D85574006336F8 /* JobsiteViewController_iphone.xib in Resources */ = {isa = PBXBuildFile; fileRef = D4E1009517D85574006336F8 /* JobsiteViewController_iphone.xib */; };
		D4E1009A17D85A27006336F8 /* jobsite.m in Sources */ = {isa = PBXBuildFile; fileRef = D4E1009917D85A27006336F8 /* jobsite.m */; };
		D4E1009C17D85B08006336F8 /* JobsiteViewControlleripadcell.xib in Resources */ = {isa = PBXBuildFile; fileRef = D4E1009B17D85B08006336F8 /* JobsiteViewControlleripadcell.xib */; };
		D4E1009E17D85E29006336F8 /* cb_mono_off.png in Resources */ = {isa = PBXBuildFile; fileRef = D4E1009D17D85E29006336F8 /* cb_mono_off.png */; };
		D4E100A017D85E30006336F8 /* cb_mono_on.png in Resources */ = {isa = PBXBuildFile; fileRef = D4E1009F17D85E30006336F8 /* cb_mono_on.png */; };
		D4E100A317D86060006336F8 /* BasicdetailsViewController.m in Sources */ = {isa = PBXBuildFile; fileRef = D4E100A217D86060006336F8 /* BasicdetailsViewController.m */; };
		D4E100A517D86072006336F8 /* BasicdetailsViewController.xib in Resources */ = {isa = PBXBuildFile; fileRef = D4E100A417D86071006336F8 /* BasicdetailsViewController.xib */; };
		D4E100AA17D860B7006336F8 /* EducationViewController.m in Sources */ = {isa = PBXBuildFile; fileRef = D4E100A717D860B5006336F8 /* EducationViewController.m */; };
		D4E100AB17D860B7006336F8 /* EducationViewController.xib in Resources */ = {isa = PBXBuildFile; fileRef = D4E100A817D860B6006336F8 /* EducationViewController.xib */; };
		D4E100AC17D860B7006336F8 /* EducationCertificatecell.xib in Resources */ = {isa = PBXBuildFile; fileRef = D4E100A917D860B7006336F8 /* EducationCertificatecell.xib */; };
		D4E100AE17D860C6006336F8 /* CellEducationtable.xib in Resources */ = {isa = PBXBuildFile; fileRef = D4E100AD17D860C5006336F8 /* CellEducationtable.xib */; };
		D4E100C517D861C5006336F8 /* Drugmdel.m in Sources */ = {isa = PBXBuildFile; fileRef = D4E100BD17D861C5006336F8 /* Drugmdel.m */; };
		D4E100C617D861C5006336F8 /* Detailcourse.m in Sources */ = {isa = PBXBuildFile; fileRef = D4E100BF17D861C5006336F8 /* Detailcourse.m */; };
		D4E100C917D861CE006336F8 /* Coursemdl.m in Sources */ = {isa = PBXBuildFile; fileRef = D4E100C817D861CE006336F8 /* Coursemdl.m */; };
		D4E100CE17D8686F006336F8 /* QuartzCore.framework in Frameworks */ = {isa = PBXBuildFile; fileRef = D4E100CD17D8686F006336F8 /* QuartzCore.framework */; };
		D4E100D017D868C6006336F8 /* CKCalendarView.m in Sources */ = {isa = PBXBuildFile; fileRef = D4E100CF17D868C6006336F8 /* CKCalendarView.m */; };
		D4E100E117D886B8006336F8 /* NewMedicalViewController.m in Sources */ = {isa = PBXBuildFile; fileRef = D4E100D317D8868F006336F8 /* NewMedicalViewController.m */; };
		D4E100E217D886B9006336F8 /* NewMedicalViewController.xib in Resources */ = {isa = PBXBuildFile; fileRef = D4E100D417D88690006336F8 /* NewMedicalViewController.xib */; };
		D4E100E317D886B9006336F8 /* newmedicalcell.xib in Resources */ = {isa = PBXBuildFile; fileRef = D4E100D517D88693006336F8 /* newmedicalcell.xib */; };
		D4E100E417D886B9006336F8 /* EmployeeViewController.m in Sources */ = {isa = PBXBuildFile; fileRef = D4E100D717D886A1006336F8 /* EmployeeViewController.m */; };
		D4E100E517D886B9006336F8 /* EmployeeViewController.xib in Resources */ = {isa = PBXBuildFile; fileRef = D4E100D817D886AA006336F8 /* EmployeeViewController.xib */; };
		D4E100E617D886B9006336F8 /* customprevious.xib in Resources */ = {isa = PBXBuildFile; fileRef = D4E100D917D886AD006336F8 /* customprevious.xib */; };
		D4E100E717D886B9006336F8 /* RaceViewController.m in Sources */ = {isa = PBXBuildFile; fileRef = D4E100DB17D886B7006336F8 /* RaceViewController.m */; };
		D4E100E817D886B9006336F8 /* RaceViewController.xib in Resources */ = {isa = PBXBuildFile; fileRef = D4E100DC17D886B7006336F8 /* RaceViewController.xib */; };
		D4E100E917D886B9006336F8 /* CourseDrugViewController.m in Sources */ = {isa = PBXBuildFile; fileRef = D4E100DE17D886B7006336F8 /* CourseDrugViewController.m */; };
		D4E100EA17D886B9006336F8 /* CourseDrugViewController.xib in Resources */ = {isa = PBXBuildFile; fileRef = D4E100DF17D886B7006336F8 /* CourseDrugViewController.xib */; };
		D4E100EB17D886B9006336F8 /* CourseDrugCellView.xib in Resources */ = {isa = PBXBuildFile; fileRef = D4E100E017D886B8006336F8 /* CourseDrugCellView.xib */; };
		D4E100F417D88C22006336F8 /* certificateModel.m in Sources */ = {isa = PBXBuildFile; fileRef = D4E100ED17D88C22006336F8 /* certificateModel.m */; };
		D4E100F517D88C22006336F8 /* Educationdetails.m in Sources */ = {isa = PBXBuildFile; fileRef = D4E100EF17D88C22006336F8 /* Educationdetails.m */; };
		D4E100F617D88C22006336F8 /* previousemp.m in Sources */ = {isa = PBXBuildFile; fileRef = D4E100F117D88C22006336F8 /* previousemp.m */; };
		D4E100F717D88C22006336F8 /* Ethicity.m in Sources */ = {isa = PBXBuildFile; fileRef = D4E100F317D88C22006336F8 /* Ethicity.m */; };
		D4E100FA17D88C31006336F8 /* Medicalmodel.m in Sources */ = {isa = PBXBuildFile; fileRef = D4E100F917D88C31006336F8 /* Medicalmodel.m */; };
/* End PBXBuildFile section */

/* Begin PBXFileReference section */
		64085ED917D8914E00503D23 /* rectangle3.png */ = {isa = PBXFileReference; lastKnownFileType = image.png; path = rectangle3.png; sourceTree = "<group>"; };
		64085EDB17D895DA00503D23 /* Power_-_Standby.png */ = {isa = PBXFileReference; lastKnownFileType = image.png; path = "Power_-_Standby.png"; sourceTree = "<group>"; };
		64085EDC17D895DA00503D23 /* delete_iconcpy.png */ = {isa = PBXFileReference; lastKnownFileType = image.png; path = delete_iconcpy.png; sourceTree = "<group>"; };
		64085EDD17D895DA00503D23 /* closebutton.png */ = {isa = PBXFileReference; lastKnownFileType = image.png; path = closebutton.png; sourceTree = "<group>"; };
		64085EDE17D895DA00503D23 /* closebutton@2x.png */ = {isa = PBXFileReference; lastKnownFileType = image.png; path = "closebutton@2x.png"; sourceTree = "<group>"; };
		64085EDF17D895DA00503D23 /* right_arrow.png */ = {isa = PBXFileReference; lastKnownFileType = image.png; path = right_arrow.png; sourceTree = "<group>"; };
		64085EE017D895DA00503D23 /* right_arrow@2x.png */ = {isa = PBXFileReference; lastKnownFileType = image.png; path = "right_arrow@2x.png"; sourceTree = "<group>"; };
		64085EE117D895DA00503D23 /* left_arrow.png */ = {isa = PBXFileReference; lastKnownFileType = image.png; path = left_arrow.png; sourceTree = "<group>"; };
		64085EE217D895DA00503D23 /* left_arrow@2x.png */ = {isa = PBXFileReference; lastKnownFileType = image.png; path = "left_arrow@2x.png"; sourceTree = "<group>"; };
		64085EE317D895DA00503D23 /* appbar.checkmark.thick.png */ = {isa = PBXFileReference; lastKnownFileType = image.png; path = appbar.checkmark.thick.png; sourceTree = "<group>"; };
		64085EE417D895DA00503D23 /* appbar.checkmark.thick.unchecked.png */ = {isa = PBXFileReference; lastKnownFileType = image.png; path = appbar.checkmark.thick.unchecked.png; sourceTree = "<group>"; };
		64921A4217D99BAC00AB642E /* BasicdetailsViewController_iphone.xib */ = {isa = PBXFileReference; fileEncoding = 4; lastKnownFileType = file.xib; path = BasicdetailsViewController_iphone.xib; sourceTree = "<group>"; };
		64921A4417D99BD200AB642E /* EducationViewController_iphone.xib */ = {isa = PBXFileReference; fileEncoding = 4; lastKnownFileType = file.xib; path = EducationViewController_iphone.xib; sourceTree = "<group>"; };
		64921A4617D99BF500AB642E /* NewMedicalViewController_iphone.xib */ = {isa = PBXFileReference; fileEncoding = 4; lastKnownFileType = file.xib; path = NewMedicalViewController_iphone.xib; sourceTree = "<group>"; };
		64921A4817D99C1800AB642E /* EmployeeViewController_iphone.xib */ = {isa = PBXFileReference; fileEncoding = 4; lastKnownFileType = file.xib; path = EmployeeViewController_iphone.xib; sourceTree = "<group>"; };
		64921A4A17D99C4600AB642E /* RaceViewController_iphone.xib */ = {isa = PBXFileReference; fileEncoding = 4; lastKnownFileType = file.xib; path = RaceViewController_iphone.xib; sourceTree = "<group>"; };
		64921A4C17D99C7100AB642E /* CourseDrugViewController_iphone.xib */ = {isa = PBXFileReference; fileEncoding = 4; lastKnownFileType = file.xib; path = CourseDrugViewController_iphone.xib; sourceTree = "<group>"; };
		64921A4E17D9AC0400AB642E /* disclsurebtndwn@2x.png */ = {isa = PBXFileReference; lastKnownFileType = image.png; path = "disclsurebtndwn@2x.png"; sourceTree = "<group>"; };
		64921A4F17D9AC0400AB642E /* disclsurebtndwn.png */ = {isa = PBXFileReference; lastKnownFileType = image.png; path = disclsurebtndwn.png; sourceTree = "<group>"; };
		64921A5017D9AC0400AB642E /* disclsurebtn@2x.png */ = {isa = PBXFileReference; lastKnownFileType = image.png; path = "disclsurebtn@2x.png"; sourceTree = "<group>"; };
		64921A5117D9AC0400AB642E /* disclsurebtn.png */ = {isa = PBXFileReference; lastKnownFileType = image.png; path = disclsurebtn.png; sourceTree = "<group>"; };
		D4CF26D717D994EA00F7651A /* LoginViewController_iphone.xib */ = {isa = PBXFileReference; fileEncoding = 4; lastKnownFileType = file.xib; path = LoginViewController_iphone.xib; sourceTree = "<group>"; };
		D4D0E8C317DED36700C16158 /* EducationCell_iphone.xib */ = {isa = PBXFileReference; fileEncoding = 4; lastKnownFileType = file.xib; path = EducationCell_iphone.xib; sourceTree = "<group>"; };
		D4D0E8C517DED91700C16158 /* AddEducationViewController.h */ = {isa = PBXFileReference; fileEncoding = 4; lastKnownFileType = sourcecode.c.h; path = AddEducationViewController.h; sourceTree = "<group>"; };
		D4D0E8C617DED91700C16158 /* AddEducationViewController.m */ = {isa = PBXFileReference; fileEncoding = 4; lastKnownFileType = sourcecode.c.objc; path = AddEducationViewController.m; sourceTree = "<group>"; };
		D4D0E8C717DED91700C16158 /* AddEducationViewController.xib */ = {isa = PBXFileReference; fileEncoding = 4; lastKnownFileType = file.xib; path = AddEducationViewController.xib; sourceTree = "<group>"; };
		D4D0E8CA17DEEF3F00C16158 /* Employeecell_iphone.xib */ = {isa = PBXFileReference; fileEncoding = 4; lastKnownFileType = file.xib; path = Employeecell_iphone.xib; sourceTree = "<group>"; };
		D4DBE22517DD9EBF008010D9 /* AddNewMedicalViewController.h */ = {isa = PBXFileReference; fileEncoding = 4; lastKnownFileType = sourcecode.c.h; path = AddNewMedicalViewController.h; sourceTree = "<group>"; };
		D4DBE22617DD9EBF008010D9 /* AddNewMedicalViewController.m */ = {isa = PBXFileReference; fileEncoding = 4; lastKnownFileType = sourcecode.c.objc; path = AddNewMedicalViewController.m; sourceTree = "<group>"; };
		D4DBE22717DD9EBF008010D9 /* AddNewMedicalViewController.xib */ = {isa = PBXFileReference; fileEncoding = 4; lastKnownFileType = file.xib; path = AddNewMedicalViewController.xib; sourceTree = "<group>"; };
		D4DBE22A17DDA8C4008010D9 /* CourseDrugCell_iphone.xib */ = {isa = PBXFileReference; fileEncoding = 4; lastKnownFileType = file.xib; path = CourseDrugCell_iphone.xib; sourceTree = "<group>"; };
		D4E1005017D84F8B006336F8 /* EmployeeHrPortal.app */ = {isa = PBXFileReference; explicitFileType = wrapper.application; includeInIndex = 0; path = EmployeeHrPortal.app; sourceTree = BUILT_PRODUCTS_DIR; };
		D4E1005317D84F8B006336F8 /* UIKit.framework */ = {isa = PBXFileReference; lastKnownFileType = wrapper.framework; name = UIKit.framework; path = System/Library/Frameworks/UIKit.framework; sourceTree = SDKROOT; };
		D4E1005517D84F8B006336F8 /* Foundation.framework */ = {isa = PBXFileReference; lastKnownFileType = wrapper.framework; name = Foundation.framework; path = System/Library/Frameworks/Foundation.framework; sourceTree = SDKROOT; };
		D4E1005717D84F8B006336F8 /* CoreGraphics.framework */ = {isa = PBXFileReference; lastKnownFileType = wrapper.framework; name = CoreGraphics.framework; path = System/Library/Frameworks/CoreGraphics.framework; sourceTree = SDKROOT; };
		D4E1005B17D84F8B006336F8 /* EmployeeHrPortal-Info.plist */ = {isa = PBXFileReference; lastKnownFileType = text.plist.xml; path = "EmployeeHrPortal-Info.plist"; sourceTree = "<group>"; };
		D4E1005D17D84F8B006336F8 /* en */ = {isa = PBXFileReference; lastKnownFileType = text.plist.strings; name = en; path = en.lproj/InfoPlist.strings; sourceTree = "<group>"; };
		D4E1005F17D84F8B006336F8 /* main.m */ = {isa = PBXFileReference; lastKnownFileType = sourcecode.c.objc; path = main.m; sourceTree = "<group>"; };
		D4E1006117D84F8B006336F8 /* EmployeeHrPortal-Prefix.pch */ = {isa = PBXFileReference; lastKnownFileType = sourcecode.c.h; path = "EmployeeHrPortal-Prefix.pch"; sourceTree = "<group>"; };
		D4E1006217D84F8B006336F8 /* AppDelegate.h */ = {isa = PBXFileReference; lastKnownFileType = sourcecode.c.h; path = AppDelegate.h; sourceTree = "<group>"; };
		D4E1006317D84F8B006336F8 /* AppDelegate.m */ = {isa = PBXFileReference; lastKnownFileType = sourcecode.c.objc; path = AppDelegate.m; sourceTree = "<group>"; };
		D4E1006517D84F8B006336F8 /* Default.png */ = {isa = PBXFileReference; lastKnownFileType = image.png; path = Default.png; sourceTree = "<group>"; };
		D4E1006717D84F8B006336F8 /* Default@2x.png */ = {isa = PBXFileReference; lastKnownFileType = image.png; path = "Default@2x.png"; sourceTree = "<group>"; };
		D4E1006917D84F8B006336F8 /* Default-568h@2x.png */ = {isa = PBXFileReference; lastKnownFileType = image.png; path = "Default-568h@2x.png"; sourceTree = "<group>"; };
		D4E1006B17D84F8B006336F8 /* ViewController.h */ = {isa = PBXFileReference; lastKnownFileType = sourcecode.c.h; path = ViewController.h; sourceTree = "<group>"; };
		D4E1006C17D84F8B006336F8 /* ViewController.m */ = {isa = PBXFileReference; lastKnownFileType = sourcecode.c.objc; path = ViewController.m; sourceTree = "<group>"; };
		D4E1006F17D84F8B006336F8 /* en */ = {isa = PBXFileReference; lastKnownFileType = file.xib; name = en; path = en.lproj/ViewController_iPhone.xib; sourceTree = "<group>"; };
		D4E1007217D84F8B006336F8 /* en */ = {isa = PBXFileReference; lastKnownFileType = file.xib; name = en; path = en.lproj/ViewController_iPad.xib; sourceTree = "<group>"; };
		D4E1007917D8511C006336F8 /* JobsiteViewController.h */ = {isa = PBXFileReference; fileEncoding = 4; lastKnownFileType = sourcecode.c.h; path = JobsiteViewController.h; sourceTree = "<group>"; };
		D4E1007A17D8511C006336F8 /* JobsiteViewController.m */ = {isa = PBXFileReference; fileEncoding = 4; lastKnownFileType = sourcecode.c.objc; path = JobsiteViewController.m; sourceTree = "<group>"; };
		D4E1007B17D8511C006336F8 /* JobsiteViewController.xib */ = {isa = PBXFileReference; fileEncoding = 4; lastKnownFileType = file.xib; path = JobsiteViewController.xib; sourceTree = "<group>"; };
		D4E1007E17D85161006336F8 /* RegisterViewController.h */ = {isa = PBXFileReference; fileEncoding = 4; lastKnownFileType = sourcecode.c.h; path = RegisterViewController.h; sourceTree = "<group>"; };
		D4E1007F17D85161006336F8 /* RegisterViewController.m */ = {isa = PBXFileReference; fileEncoding = 4; lastKnownFileType = sourcecode.c.objc; path = RegisterViewController.m; sourceTree = "<group>"; };
		D4E1008017D85161006336F8 /* RegisterViewController.xib */ = {isa = PBXFileReference; fileEncoding = 4; lastKnownFileType = file.xib; path = RegisterViewController.xib; sourceTree = "<group>"; };
		D4E1008317D85173006336F8 /* LoginViewController.h */ = {isa = PBXFileReference; fileEncoding = 4; lastKnownFileType = sourcecode.c.h; path = LoginViewController.h; sourceTree = "<group>"; };
		D4E1008417D85173006336F8 /* LoginViewController.m */ = {isa = PBXFileReference; fileEncoding = 4; lastKnownFileType = sourcecode.c.objc; path = LoginViewController.m; sourceTree = "<group>"; };
		D4E1008517D85173006336F8 /* LoginViewController.xib */ = {isa = PBXFileReference; fileEncoding = 4; lastKnownFileType = file.xib; path = LoginViewController.xib; sourceTree = "<group>"; };
		D4E1008917D85200006336F8 /* char4.png */ = {isa = PBXFileReference; lastKnownFileType = image.png; path = char4.png; sourceTree = "<group>"; };
		D4E1008A17D85200006336F8 /* char1.png */ = {isa = PBXFileReference; lastKnownFileType = image.png; path = char1.png; sourceTree = "<group>"; };
		D4E1008B17D85200006336F8 /* char2.png */ = {isa = PBXFileReference; lastKnownFileType = image.png; path = char2.png; sourceTree = "<group>"; };
		D4E1008F17D854BC006336F8 /* bg.png */ = {isa = PBXFileReference; lastKnownFileType = image.png; path = bg.png; sourceTree = "<group>"; };
		D4E1009117D854CF006336F8 /* squareimage1.png */ = {isa = PBXFileReference; lastKnownFileType = image.png; path = squareimage1.png; sourceTree = "<group>"; };
		D4E1009317D854D5006336F8 /* squareimage1@2x.png */ = {isa = PBXFileReference; lastKnownFileType = image.png; path = "squareimage1@2x.png"; sourceTree = "<group>"; };
		D4E1009517D85574006336F8 /* JobsiteViewController_iphone.xib */ = {isa = PBXFileReference; fileEncoding = 4; lastKnownFileType = file.xib; path = JobsiteViewController_iphone.xib; sourceTree = "<group>"; };
		D4E1009817D85A27006336F8 /* jobsite.h */ = {isa = PBXFileReference; fileEncoding = 4; lastKnownFileType = sourcecode.c.h; path = jobsite.h; sourceTree = "<group>"; };
		D4E1009917D85A27006336F8 /* jobsite.m */ = {isa = PBXFileReference; fileEncoding = 4; lastKnownFileType = sourcecode.c.objc; path = jobsite.m; sourceTree = "<group>"; };
		D4E1009B17D85B08006336F8 /* JobsiteViewControlleripadcell.xib */ = {isa = PBXFileReference; fileEncoding = 4; lastKnownFileType = file.xib; path = JobsiteViewControlleripadcell.xib; sourceTree = "<group>"; };
		D4E1009D17D85E29006336F8 /* cb_mono_off.png */ = {isa = PBXFileReference; lastKnownFileType = image.png; path = cb_mono_off.png; sourceTree = "<group>"; };
		D4E1009F17D85E30006336F8 /* cb_mono_on.png */ = {isa = PBXFileReference; lastKnownFileType = image.png; path = cb_mono_on.png; sourceTree = "<group>"; };
		D4E100A117D8605F006336F8 /* BasicdetailsViewController.h */ = {isa = PBXFileReference; fileEncoding = 4; lastKnownFileType = sourcecode.c.h; path = BasicdetailsViewController.h; sourceTree = "<group>"; };
		D4E100A217D86060006336F8 /* BasicdetailsViewController.m */ = {isa = PBXFileReference; fileEncoding = 4; lastKnownFileType = sourcecode.c.objc; path = BasicdetailsViewController.m; sourceTree = "<group>"; };
		D4E100A417D86071006336F8 /* BasicdetailsViewController.xib */ = {isa = PBXFileReference; fileEncoding = 4; lastKnownFileType = file.xib; path = BasicdetailsViewController.xib; sourceTree = "<group>"; };
		D4E100A617D860B5006336F8 /* EducationViewController.h */ = {isa = PBXFileReference; fileEncoding = 4; lastKnownFileType = sourcecode.c.h; path = EducationViewController.h; sourceTree = "<group>"; };
		D4E100A717D860B5006336F8 /* EducationViewController.m */ = {isa = PBXFileReference; fileEncoding = 4; lastKnownFileType = sourcecode.c.objc; path = EducationViewController.m; sourceTree = "<group>"; };
		D4E100A817D860B6006336F8 /* EducationViewController.xib */ = {isa = PBXFileReference; fileEncoding = 4; lastKnownFileType = file.xib; path = EducationViewController.xib; sourceTree = "<group>"; };
		D4E100A917D860B7006336F8 /* EducationCertificatecell.xib */ = {isa = PBXFileReference; fileEncoding = 4; lastKnownFileType = file.xib; path = EducationCertificatecell.xib; sourceTree = "<group>"; };
		D4E100AD17D860C5006336F8 /* CellEducationtable.xib */ = {isa = PBXFileReference; fileEncoding = 4; lastKnownFileType = file.xib; path = CellEducationtable.xib; sourceTree = "<group>"; };
		D4E100BC17D861C5006336F8 /* Drugmdel.h */ = {isa = PBXFileReference; fileEncoding = 4; lastKnownFileType = sourcecode.c.h; path = Drugmdel.h; sourceTree = "<group>"; };
		D4E100BD17D861C5006336F8 /* Drugmdel.m */ = {isa = PBXFileReference; fileEncoding = 4; lastKnownFileType = sourcecode.c.objc; path = Drugmdel.m; sourceTree = "<group>"; };
		D4E100BE17D861C5006336F8 /* Detailcourse.h */ = {isa = PBXFileReference; fileEncoding = 4; lastKnownFileType = sourcecode.c.h; path = Detailcourse.h; sourceTree = "<group>"; };
		D4E100BF17D861C5006336F8 /* Detailcourse.m */ = {isa = PBXFileReference; fileEncoding = 4; lastKnownFileType = sourcecode.c.objc; path = Detailcourse.m; sourceTree = "<group>"; };
		D4E100C717D861CE006336F8 /* Coursemdl.h */ = {isa = PBXFileReference; fileEncoding = 4; lastKnownFileType = sourcecode.c.h; path = Coursemdl.h; sourceTree = "<group>"; };
		D4E100C817D861CE006336F8 /* Coursemdl.m */ = {isa = PBXFileReference; fileEncoding = 4; lastKnownFileType = sourcecode.c.objc; path = Coursemdl.m; sourceTree = "<group>"; };
		D4E100CD17D8686F006336F8 /* QuartzCore.framework */ = {isa = PBXFileReference; lastKnownFileType = wrapper.framework; name = QuartzCore.framework; path = System/Library/Frameworks/QuartzCore.framework; sourceTree = SDKROOT; };
		D4E100CF17D868C6006336F8 /* CKCalendarView.m */ = {isa = PBXFileReference; fileEncoding = 4; lastKnownFileType = sourcecode.c.objc; path = CKCalendarView.m; sourceTree = "<group>"; };
		D4E100D117D868D2006336F8 /* CKCalendarView.h */ = {isa = PBXFileReference; fileEncoding = 4; lastKnownFileType = sourcecode.c.h; path = CKCalendarView.h; sourceTree = "<group>"; };
		D4E100D217D88688006336F8 /* NewMedicalViewController.h */ = {isa = PBXFileReference; fileEncoding = 4; lastKnownFileType = sourcecode.c.h; path = NewMedicalViewController.h; sourceTree = "<group>"; };
		D4E100D317D8868F006336F8 /* NewMedicalViewController.m */ = {isa = PBXFileReference; fileEncoding = 4; lastKnownFileType = sourcecode.c.objc; path = NewMedicalViewController.m; sourceTree = "<group>"; };
		D4E100D417D88690006336F8 /* NewMedicalViewController.xib */ = {isa = PBXFileReference; fileEncoding = 4; lastKnownFileType = file.xib; path = NewMedicalViewController.xib; sourceTree = "<group>"; };
		D4E100D517D88693006336F8 /* newmedicalcell.xib */ = {isa = PBXFileReference; fileEncoding = 4; lastKnownFileType = file.xib; path = newmedicalcell.xib; sourceTree = "<group>"; };
		D4E100D617D88697006336F8 /* EmployeeViewController.h */ = {isa = PBXFileReference; fileEncoding = 4; lastKnownFileType = sourcecode.c.h; path = EmployeeViewController.h; sourceTree = "<group>"; };
		D4E100D717D886A1006336F8 /* EmployeeViewController.m */ = {isa = PBXFileReference; fileEncoding = 4; lastKnownFileType = sourcecode.c.objc; path = EmployeeViewController.m; sourceTree = "<group>"; };
		D4E100D817D886AA006336F8 /* EmployeeViewController.xib */ = {isa = PBXFileReference; fileEncoding = 4; lastKnownFileType = file.xib; path = EmployeeViewController.xib; sourceTree = "<group>"; };
		D4E100D917D886AD006336F8 /* customprevious.xib */ = {isa = PBXFileReference; fileEncoding = 4; lastKnownFileType = file.xib; path = customprevious.xib; sourceTree = "<group>"; };
		D4E100DA17D886B1006336F8 /* RaceViewController.h */ = {isa = PBXFileReference; fileEncoding = 4; lastKnownFileType = sourcecode.c.h; path = RaceViewController.h; sourceTree = "<group>"; };
		D4E100DB17D886B7006336F8 /* RaceViewController.m */ = {isa = PBXFileReference; fileEncoding = 4; lastKnownFileType = sourcecode.c.objc; path = RaceViewController.m; sourceTree = "<group>"; };
		D4E100DC17D886B7006336F8 /* RaceViewController.xib */ = {isa = PBXFileReference; fileEncoding = 4; lastKnownFileType = file.xib; path = RaceViewController.xib; sourceTree = "<group>"; };
		D4E100DD17D886B7006336F8 /* CourseDrugViewController.h */ = {isa = PBXFileReference; fileEncoding = 4; lastKnownFileType = sourcecode.c.h; path = CourseDrugViewController.h; sourceTree = "<group>"; };
		D4E100DE17D886B7006336F8 /* CourseDrugViewController.m */ = {isa = PBXFileReference; fileEncoding = 4; lastKnownFileType = sourcecode.c.objc; path = CourseDrugViewController.m; sourceTree = "<group>"; };
		D4E100DF17D886B7006336F8 /* CourseDrugViewController.xib */ = {isa = PBXFileReference; fileEncoding = 4; lastKnownFileType = file.xib; path = CourseDrugViewController.xib; sourceTree = "<group>"; };
		D4E100E017D886B8006336F8 /* CourseDrugCellView.xib */ = {isa = PBXFileReference; fileEncoding = 4; lastKnownFileType = file.xib; path = CourseDrugCellView.xib; sourceTree = "<group>"; };
		D4E100EC17D88C21006336F8 /* certificateModel.h */ = {isa = PBXFileReference; fileEncoding = 4; lastKnownFileType = sourcecode.c.h; path = certificateModel.h; sourceTree = "<group>"; };
		D4E100ED17D88C22006336F8 /* certificateModel.m */ = {isa = PBXFileReference; fileEncoding = 4; lastKnownFileType = sourcecode.c.objc; path = certificateModel.m; sourceTree = "<group>"; };
		D4E100EE17D88C22006336F8 /* Educationdetails.h */ = {isa = PBXFileReference; fileEncoding = 4; lastKnownFileType = sourcecode.c.h; path = Educationdetails.h; sourceTree = "<group>"; };
		D4E100EF17D88C22006336F8 /* Educationdetails.m */ = {isa = PBXFileReference; fileEncoding = 4; lastKnownFileType = sourcecode.c.objc; path = Educationdetails.m; sourceTree = "<group>"; };
		D4E100F017D88C22006336F8 /* previousemp.h */ = {isa = PBXFileReference; fileEncoding = 4; lastKnownFileType = sourcecode.c.h; path = previousemp.h; sourceTree = "<group>"; };
		D4E100F117D88C22006336F8 /* previousemp.m */ = {isa = PBXFileReference; fileEncoding = 4; lastKnownFileType = sourcecode.c.objc; path = previousemp.m; sourceTree = "<group>"; };
		D4E100F217D88C22006336F8 /* Ethicity.h */ = {isa = PBXFileReference; fileEncoding = 4; lastKnownFileType = sourcecode.c.h; path = Ethicity.h; sourceTree = "<group>"; };
		D4E100F317D88C22006336F8 /* Ethicity.m */ = {isa = PBXFileReference; fileEncoding = 4; lastKnownFileType = sourcecode.c.objc; path = Ethicity.m; sourceTree = "<group>"; };
		D4E100F817D88C31006336F8 /* Medicalmodel.h */ = {isa = PBXFileReference; fileEncoding = 4; lastKnownFileType = sourcecode.c.h; path = Medicalmodel.h; sourceTree = "<group>"; };
		D4E100F917D88C31006336F8 /* Medicalmodel.m */ = {isa = PBXFileReference; fileEncoding = 4; lastKnownFileType = sourcecode.c.objc; path = Medicalmodel.m; sourceTree = "<group>"; };
/* End PBXFileReference section */

/* Begin PBXFrameworksBuildPhase section */
		D4E1004D17D84F8B006336F8 /* Frameworks */ = {
			isa = PBXFrameworksBuildPhase;
			buildActionMask = 2147483647;
			files = (
				D4E100CE17D8686F006336F8 /* QuartzCore.framework in Frameworks */,
				D4E1005417D84F8B006336F8 /* UIKit.framework in Frameworks */,
				D4E1005617D84F8B006336F8 /* Foundation.framework in Frameworks */,
				D4E1005817D84F8B006336F8 /* CoreGraphics.framework in Frameworks */,
			);
			runOnlyForDeploymentPostprocessing = 0;
		};
/* End PBXFrameworksBuildPhase section */

/* Begin PBXGroup section */
		D4E1004717D84F8B006336F8 = {
			isa = PBXGroup;
			children = (
				D4E100CD17D8686F006336F8 /* QuartzCore.framework */,
				D4E1009717D85A0C006336F8 /* Models */,
				D4E1008817D851E5006336F8 /* Images */,
				D4E1005917D84F8B006336F8 /* EmployeeHrPortal */,
				D4E1005217D84F8B006336F8 /* Frameworks */,
				D4E1005117D84F8B006336F8 /* Products */,
			);
			sourceTree = "<group>";
		};
		D4E1005117D84F8B006336F8 /* Products */ = {
			isa = PBXGroup;
			children = (
				D4E1005017D84F8B006336F8 /* EmployeeHrPortal.app */,
			);
			name = Products;
			sourceTree = "<group>";
		};
		D4E1005217D84F8B006336F8 /* Frameworks */ = {
			isa = PBXGroup;
			children = (
				D4E1005317D84F8B006336F8 /* UIKit.framework */,
				D4E1005517D84F8B006336F8 /* Foundation.framework */,
				D4E1005717D84F8B006336F8 /* CoreGraphics.framework */,
			);
			name = Frameworks;
			sourceTree = "<group>";
		};
		D4E1005917D84F8B006336F8 /* EmployeeHrPortal */ = {
			isa = PBXGroup;
			children = (
				D4E1006217D84F8B006336F8 /* AppDelegate.h */,
				D4E1006317D84F8B006336F8 /* AppDelegate.m */,
				D4E1006B17D84F8B006336F8 /* ViewController.h */,
				D4E1006C17D84F8B006336F8 /* ViewController.m */,
				D4E1006E17D84F8B006336F8 /* ViewController_iPhone.xib */,
				D4E1007117D84F8B006336F8 /* ViewController_iPad.xib */,
				D4E1007917D8511C006336F8 /* JobsiteViewController.h */,
				D4E1007A17D8511C006336F8 /* JobsiteViewController.m */,
				D4E1007B17D8511C006336F8 /* JobsiteViewController.xib */,
				D4E1009B17D85B08006336F8 /* JobsiteViewControlleripadcell.xib */,
				D4E1009517D85574006336F8 /* JobsiteViewController_iphone.xib */,
				D4E1007E17D85161006336F8 /* RegisterViewController.h */,
				D4E1007F17D85161006336F8 /* RegisterViewController.m */,
				D4E1008017D85161006336F8 /* RegisterViewController.xib */,
				D4E1008317D85173006336F8 /* LoginViewController.h */,
				D4E1008417D85173006336F8 /* LoginViewController.m */,
				D4E1008517D85173006336F8 /* LoginViewController.xib */,
				D4CF26D717D994EA00F7651A /* LoginViewController_iphone.xib */,
				D4E100A117D8605F006336F8 /* BasicdetailsViewController.h */,
				D4E100A217D86060006336F8 /* BasicdetailsViewController.m */,
				D4E100A417D86071006336F8 /* BasicdetailsViewController.xib */,
				64921A4217D99BAC00AB642E /* BasicdetailsViewController_iphone.xib */,
				D4E100A617D860B5006336F8 /* EducationViewController.h */,
				D4E100A717D860B5006336F8 /* EducationViewController.m */,
				D4E100A817D860B6006336F8 /* EducationViewController.xib */,
				64921A4417D99BD200AB642E /* EducationViewController_iphone.xib */,
				D4E100A917D860B7006336F8 /* EducationCertificatecell.xib */,
				D4E100AD17D860C5006336F8 /* CellEducationtable.xib */,
				D4D0E8C317DED36700C16158 /* EducationCell_iphone.xib */,
				D4D0E8C517DED91700C16158 /* AddEducationViewController.h */,
				D4D0E8C617DED91700C16158 /* AddEducationViewController.m */,
				D4D0E8C717DED91700C16158 /* AddEducationViewController.xib */,
				D4E100D217D88688006336F8 /* NewMedicalViewController.h */,
				D4E100D317D8868F006336F8 /* NewMedicalViewController.m */,
				D4E100D417D88690006336F8 /* NewMedicalViewController.xib */,
				64921A4617D99BF500AB642E /* NewMedicalViewController_iphone.xib */,
				D4DBE22517DD9EBF008010D9 /* AddNewMedicalViewController.h */,
				D4DBE22617DD9EBF008010D9 /* AddNewMedicalViewController.m */,
				D4DBE22717DD9EBF008010D9 /* AddNewMedicalViewController.xib */,
				D4E100D517D88693006336F8 /* newmedicalcell.xib */,
				D4E100D617D88697006336F8 /* EmployeeViewController.h */,
				D4E100D717D886A1006336F8 /* EmployeeViewController.m */,
				D4E100D817D886AA006336F8 /* EmployeeViewController.xib */,
				64921A4817D99C1800AB642E /* EmployeeViewController_iphone.xib */,
				D4E100D917D886AD006336F8 /* customprevious.xib */,
				D4D0E8CA17DEEF3F00C16158 /* Employeecell_iphone.xib */,
				D4E100DA17D886B1006336F8 /* RaceViewController.h */,
				D4E100DB17D886B7006336F8 /* RaceViewController.m */,
				D4E100DC17D886B7006336F8 /* RaceViewController.xib */,
				64921A4A17D99C4600AB642E /* RaceViewController_iphone.xib */,
				D4E100DD17D886B7006336F8 /* CourseDrugViewController.h */,
				D4E100DE17D886B7006336F8 /* CourseDrugViewController.m */,
				D4E100DF17D886B7006336F8 /* CourseDrugViewController.xib */,
				64921A4C17D99C7100AB642E /* CourseDrugViewController_iphone.xib */,
				D4E100E017D886B8006336F8 /* CourseDrugCellView.xib */,
				D4DBE22A17DDA8C4008010D9 /* CourseDrugCell_iphone.xib */,
				D4E1005A17D84F8B006336F8 /* Supporting Files */,
			);
			path = EmployeeHrPortal;
			sourceTree = "<group>";
		};
		D4E1005A17D84F8B006336F8 /* Supporting Files */ = {
			isa = PBXGroup;
			children = (
				D4E1005B17D84F8B006336F8 /* EmployeeHrPortal-Info.plist */,
				D4E1005C17D84F8B006336F8 /* InfoPlist.strings */,
				D4E1005F17D84F8B006336F8 /* main.m */,
				D4E1006117D84F8B006336F8 /* EmployeeHrPortal-Prefix.pch */,
				D4E1006517D84F8B006336F8 /* Default.png */,
				D4E1006717D84F8B006336F8 /* Default@2x.png */,
				D4E1006917D84F8B006336F8 /* Default-568h@2x.png */,
			);
			name = "Supporting Files";
			sourceTree = "<group>";
		};
		D4E1008817D851E5006336F8 /* Images */ = {
			isa = PBXGroup;
			children = (
				D4E1009F17D85E30006336F8 /* cb_mono_on.png */,
				D4E1009D17D85E29006336F8 /* cb_mono_off.png */,
				D4E1008F17D854BC006336F8 /* bg.png */,
				64085EDB17D895DA00503D23 /* Power_-_Standby.png */,
				64085EDC17D895DA00503D23 /* delete_iconcpy.png */,
				64085EDD17D895DA00503D23 /* closebutton.png */,
				64085EDE17D895DA00503D23 /* closebutton@2x.png */,
				64085EDF17D895DA00503D23 /* right_arrow.png */,
				64085EE017D895DA00503D23 /* right_arrow@2x.png */,
				64085EE117D895DA00503D23 /* left_arrow.png */,
				64085EE217D895DA00503D23 /* left_arrow@2x.png */,
				64085EE317D895DA00503D23 /* appbar.checkmark.thick.png */,
				64085EE417D895DA00503D23 /* appbar.checkmark.thick.unchecked.png */,
				D4E1009117D854CF006336F8 /* squareimage1.png */,
				D4E1009317D854D5006336F8 /* squareimage1@2x.png */,
				D4E1008917D85200006336F8 /* char4.png */,
				D4E1008A17D85200006336F8 /* char1.png */,
				64085ED917D8914E00503D23 /* rectangle3.png */,
				D4E1008B17D85200006336F8 /* char2.png */,
				64921A4E17D9AC0400AB642E /* disclsurebtndwn@2x.png */,
				64921A4F17D9AC0400AB642E /* disclsurebtndwn.png */,
				64921A5017D9AC0400AB642E /* disclsurebtn@2x.png */,
				64921A5117D9AC0400AB642E /* disclsurebtn.png */,
			);
			name = Images;
			sourceTree = "<group>";
		};
		D4E1009717D85A0C006336F8 /* Models */ = {
			isa = PBXGroup;
			children = (
				D4E1009817D85A27006336F8 /* jobsite.h */,
				D4E1009917D85A27006336F8 /* jobsite.m */,
				D4E100D117D868D2006336F8 /* CKCalendarView.h */,
				D4E100CF17D868C6006336F8 /* CKCalendarView.m */,
				D4E100EC17D88C21006336F8 /* certificateModel.h */,
				D4E100ED17D88C22006336F8 /* certificateModel.m */,
				D4E100EE17D88C22006336F8 /* Educationdetails.h */,
				D4E100EF17D88C22006336F8 /* Educationdetails.m */,
				D4E100F017D88C22006336F8 /* previousemp.h */,
				D4E100F117D88C22006336F8 /* previousemp.m */,
				D4E100F817D88C31006336F8 /* Medicalmodel.h */,
				D4E100F917D88C31006336F8 /* Medicalmodel.m */,
				D4E100F217D88C22006336F8 /* Ethicity.h */,
				D4E100F317D88C22006336F8 /* Ethicity.m */,
				D4E100BC17D861C5006336F8 /* Drugmdel.h */,
				D4E100BD17D861C5006336F8 /* Drugmdel.m */,
				D4E100BE17D861C5006336F8 /* Detailcourse.h */,
				D4E100BF17D861C5006336F8 /* Detailcourse.m */,
				D4E100C717D861CE006336F8 /* Coursemdl.h */,
				D4E100C817D861CE006336F8 /* Coursemdl.m */,
			);
			name = Models;
			sourceTree = "<group>";
		};
/* End PBXGroup section */

/* Begin PBXNativeTarget section */
		D4E1004F17D84F8B006336F8 /* EmployeeHrPortal */ = {
			isa = PBXNativeTarget;
			buildConfigurationList = D4E1007617D84F8B006336F8 /* Build configuration list for PBXNativeTarget "EmployeeHrPortal" */;
			buildPhases = (
				D4E1004C17D84F8B006336F8 /* Sources */,
				D4E1004D17D84F8B006336F8 /* Frameworks */,
				D4E1004E17D84F8B006336F8 /* Resources */,
			);
			buildRules = (
			);
			dependencies = (
			);
			name = EmployeeHrPortal;
			productName = EmployeeHrPortal;
			productReference = D4E1005017D84F8B006336F8 /* EmployeeHrPortal.app */;
			productType = "com.apple.product-type.application";
		};
/* End PBXNativeTarget section */

/* Begin PBXProject section */
		D4E1004817D84F8B006336F8 /* Project object */ = {
			isa = PBXProject;
			attributes = {
				LastUpgradeCheck = 0460;
				ORGANIZATIONNAME = GMSIndia1;
			};
			buildConfigurationList = D4E1004B17D84F8B006336F8 /* Build configuration list for PBXProject "EmployeeHrPortal" */;
			compatibilityVersion = "Xcode 3.2";
			developmentRegion = English;
			hasScannedForEncodings = 0;
			knownRegions = (
				en,
			);
			mainGroup = D4E1004717D84F8B006336F8;
			productRefGroup = D4E1005117D84F8B006336F8 /* Products */;
			projectDirPath = "";
			projectRoot = "";
			targets = (
				D4E1004F17D84F8B006336F8 /* EmployeeHrPortal */,
			);
		};
/* End PBXProject section */

/* Begin PBXResourcesBuildPhase section */
		D4E1004E17D84F8B006336F8 /* Resources */ = {
			isa = PBXResourcesBuildPhase;
			buildActionMask = 2147483647;
			files = (
				D4E1005E17D84F8B006336F8 /* InfoPlist.strings in Resources */,
				D4E1006617D84F8B006336F8 /* Default.png in Resources */,
				D4E1006817D84F8B006336F8 /* Default@2x.png in Resources */,
				D4E1006A17D84F8B006336F8 /* Default-568h@2x.png in Resources */,
				D4E1007017D84F8B006336F8 /* ViewController_iPhone.xib in Resources */,
				D4E1007317D84F8B006336F8 /* ViewController_iPad.xib in Resources */,
				D4E1007D17D8511C006336F8 /* JobsiteViewController.xib in Resources */,
				D4E1008217D85161006336F8 /* RegisterViewController.xib in Resources */,
				D4E1008717D85173006336F8 /* LoginViewController.xib in Resources */,
				D4E1008C17D85200006336F8 /* char4.png in Resources */,
				D4E1008D17D85200006336F8 /* char1.png in Resources */,
				D4E1008E17D85200006336F8 /* char2.png in Resources */,
				D4E1009017D854BC006336F8 /* bg.png in Resources */,
				D4E1009217D854CF006336F8 /* squareimage1.png in Resources */,
				D4E1009417D854D5006336F8 /* squareimage1@2x.png in Resources */,
				D4E1009617D85574006336F8 /* JobsiteViewController_iphone.xib in Resources */,
				D4E1009C17D85B08006336F8 /* JobsiteViewControlleripadcell.xib in Resources */,
				D4E1009E17D85E29006336F8 /* cb_mono_off.png in Resources */,
				D4E100A017D85E30006336F8 /* cb_mono_on.png in Resources */,
				D4E100A517D86072006336F8 /* BasicdetailsViewController.xib in Resources */,
				D4E100AB17D860B7006336F8 /* EducationViewController.xib in Resources */,
				D4E100AC17D860B7006336F8 /* EducationCertificatecell.xib in Resources */,
				D4E100AE17D860C6006336F8 /* CellEducationtable.xib in Resources */,
				D4E100E217D886B9006336F8 /* NewMedicalViewController.xib in Resources */,
				D4E100E317D886B9006336F8 /* newmedicalcell.xib in Resources */,
				D4E100E517D886B9006336F8 /* EmployeeViewController.xib in Resources */,
				D4E100E617D886B9006336F8 /* customprevious.xib in Resources */,
				D4E100E817D886B9006336F8 /* RaceViewController.xib in Resources */,
				D4E100EA17D886B9006336F8 /* CourseDrugViewController.xib in Resources */,
				D4E100EB17D886B9006336F8 /* CourseDrugCellView.xib in Resources */,
				64085EDA17D8914E00503D23 /* rectangle3.png in Resources */,
				64085EE517D895DA00503D23 /* Power_-_Standby.png in Resources */,
				64085EE617D895DA00503D23 /* delete_iconcpy.png in Resources */,
				64085EE717D895DA00503D23 /* closebutton.png in Resources */,
				64085EE817D895DA00503D23 /* closebutton@2x.png in Resources */,
				64085EE917D895DA00503D23 /* right_arrow.png in Resources */,
				64085EEA17D895DA00503D23 /* right_arrow@2x.png in Resources */,
				64085EEB17D895DA00503D23 /* left_arrow.png in Resources */,
				64085EEC17D895DA00503D23 /* left_arrow@2x.png in Resources */,
				64085EED17D895DA00503D23 /* appbar.checkmark.thick.png in Resources */,
				64085EEE17D895DA00503D23 /* appbar.checkmark.thick.unchecked.png in Resources */,
				D4CF26D817D994EA00F7651A /* LoginViewController_iphone.xib in Resources */,
				64921A4317D99BAC00AB642E /* BasicdetailsViewController_iphone.xib in Resources */,
				64921A4517D99BD200AB642E /* EducationViewController_iphone.xib in Resources */,
				64921A4717D99BF500AB642E /* NewMedicalViewController_iphone.xib in Resources */,
				64921A4917D99C1800AB642E /* EmployeeViewController_iphone.xib in Resources */,
				64921A4B17D99C4600AB642E /* RaceViewController_iphone.xib in Resources */,
				64921A4D17D99C7100AB642E /* CourseDrugViewController_iphone.xib in Resources */,
				64921A5217D9AC0400AB642E /* disclsurebtndwn@2x.png in Resources */,
				64921A5317D9AC0400AB642E /* disclsurebtndwn.png in Resources */,
				64921A5417D9AC0400AB642E /* disclsurebtn@2x.png in Resources */,
				64921A5517D9AC0400AB642E /* disclsurebtn.png in Resources */,
				D4DBE22917DD9EBF008010D9 /* AddNewMedicalViewController.xib in Resources */,
				D4DBE22B17DDA8C4008010D9 /* CourseDrugCell_iphone.xib in Resources */,
				D4D0E8C417DED36700C16158 /* EducationCell_iphone.xib in Resources */,
				D4D0E8C917DED91700C16158 /* AddEducationViewController.xib in Resources */,
				D4D0E8CB17DEEF3F00C16158 /* Employeecell_iphone.xib in Resources */,
			);
			runOnlyForDeploymentPostprocessing = 0;
		};
/* End PBXResourcesBuildPhase section */

/* Begin PBXSourcesBuildPhase section */
		D4E1004C17D84F8B006336F8 /* Sources */ = {
			isa = PBXSourcesBuildPhase;
			buildActionMask = 2147483647;
			files = (
				D4E1006017D84F8B006336F8 /* main.m in Sources */,
				D4E1006417D84F8B006336F8 /* AppDelegate.m in Sources */,
				D4E1006D17D84F8B006336F8 /* ViewController.m in Sources */,
				D4E1007C17D8511C006336F8 /* JobsiteViewController.m in Sources */,
				D4E1008117D85161006336F8 /* RegisterViewController.m in Sources */,
				D4E1008617D85173006336F8 /* LoginViewController.m in Sources */,
				D4E1009A17D85A27006336F8 /* jobsite.m in Sources */,
				D4E100A317D86060006336F8 /* BasicdetailsViewController.m in Sources */,
				D4E100AA17D860B7006336F8 /* EducationViewController.m in Sources */,
				D4E100C517D861C5006336F8 /* Drugmdel.m in Sources */,
				D4E100C617D861C5006336F8 /* Detailcourse.m in Sources */,
				D4E100C917D861CE006336F8 /* Coursemdl.m in Sources */,
				D4E100D017D868C6006336F8 /* CKCalendarView.m in Sources */,
				D4E100E117D886B8006336F8 /* NewMedicalViewController.m in Sources */,
				D4E100E417D886B9006336F8 /* EmployeeViewController.m in Sources */,
				D4E100E717D886B9006336F8 /* RaceViewController.m in Sources */,
				D4E100E917D886B9006336F8 /* CourseDrugViewController.m in Sources */,
				D4E100F417D88C22006336F8 /* certificateModel.m in Sources */,
				D4E100F517D88C22006336F8 /* Educationdetails.m in Sources */,
				D4E100F617D88C22006336F8 /* previousemp.m in Sources */,
				D4E100F717D88C22006336F8 /* Ethicity.m in Sources */,
				D4E100FA17D88C31006336F8 /* Medicalmodel.m in Sources */,
				D4DBE22817DD9EBF008010D9 /* AddNewMedicalViewController.m in Sources */,
				D4D0E8C817DED91700C16158 /* AddEducationViewController.m in Sources */,
			);
			runOnlyForDeploymentPostprocessing = 0;
		};
/* End PBXSourcesBuildPhase section */

/* Begin PBXVariantGroup section */
		D4E1005C17D84F8B006336F8 /* InfoPlist.strings */ = {
			isa = PBXVariantGroup;
			children = (
				D4E1005D17D84F8B006336F8 /* en */,
			);
			name = InfoPlist.strings;
			sourceTree = "<group>";
		};
		D4E1006E17D84F8B006336F8 /* ViewController_iPhone.xib */ = {
			isa = PBXVariantGroup;
			children = (
				D4E1006F17D84F8B006336F8 /* en */,
			);
			name = ViewController_iPhone.xib;
			sourceTree = "<group>";
		};
		D4E1007117D84F8B006336F8 /* ViewController_iPad.xib */ = {
			isa = PBXVariantGroup;
			children = (
				D4E1007217D84F8B006336F8 /* en */,
			);
			name = ViewController_iPad.xib;
			sourceTree = "<group>";
		};
/* End PBXVariantGroup section */

/* Begin XCBuildConfiguration section */
		D4E1007417D84F8B006336F8 /* Debug */ = {
			isa = XCBuildConfiguration;
			buildSettings = {
				ALWAYS_SEARCH_USER_PATHS = NO;
				CLANG_CXX_LANGUAGE_STANDARD = "gnu++0x";
				CLANG_CXX_LIBRARY = "libc++";
				CLANG_ENABLE_OBJC_ARC = YES;
				CLANG_WARN_CONSTANT_CONVERSION = YES;
				CLANG_WARN_EMPTY_BODY = YES;
				CLANG_WARN_ENUM_CONVERSION = YES;
				CLANG_WARN_INT_CONVERSION = YES;
				CLANG_WARN__DUPLICATE_METHOD_MATCH = YES;
				"CODE_SIGN_IDENTITY[sdk=iphoneos*]" = "iPhone Developer";
				COPY_PHASE_STRIP = NO;
				GCC_C_LANGUAGE_STANDARD = gnu99;
				GCC_DYNAMIC_NO_PIC = NO;
				GCC_OPTIMIZATION_LEVEL = 0;
				GCC_PREPROCESSOR_DEFINITIONS = (
					"DEBUG=1",
					"$(inherited)",
				);
				GCC_SYMBOLS_PRIVATE_EXTERN = NO;
				GCC_WARN_ABOUT_RETURN_TYPE = YES;
				GCC_WARN_UNINITIALIZED_AUTOS = YES;
				GCC_WARN_UNUSED_VARIABLE = YES;
				IPHONEOS_DEPLOYMENT_TARGET = 6.1;
				ONLY_ACTIVE_ARCH = YES;
				SDKROOT = iphoneos;
				TARGETED_DEVICE_FAMILY = "1,2";
			};
			name = Debug;
		};
		D4E1007517D84F8B006336F8 /* Release */ = {
			isa = XCBuildConfiguration;
			buildSettings = {
				ALWAYS_SEARCH_USER_PATHS = NO;
				CLANG_CXX_LANGUAGE_STANDARD = "gnu++0x";
				CLANG_CXX_LIBRARY = "libc++";
				CLANG_ENABLE_OBJC_ARC = YES;
				CLANG_WARN_CONSTANT_CONVERSION = YES;
				CLANG_WARN_EMPTY_BODY = YES;
				CLANG_WARN_ENUM_CONVERSION = YES;
				CLANG_WARN_INT_CONVERSION = YES;
				CLANG_WARN__DUPLICATE_METHOD_MATCH = YES;
				"CODE_SIGN_IDENTITY[sdk=iphoneos*]" = "iPhone Developer";
				COPY_PHASE_STRIP = YES;
				GCC_C_LANGUAGE_STANDARD = gnu99;
				GCC_WARN_ABOUT_RETURN_TYPE = YES;
				GCC_WARN_UNINITIALIZED_AUTOS = YES;
				GCC_WARN_UNUSED_VARIABLE = YES;
				IPHONEOS_DEPLOYMENT_TARGET = 6.1;
				OTHER_CFLAGS = "-DNS_BLOCK_ASSERTIONS=1";
				SDKROOT = iphoneos;
				TARGETED_DEVICE_FAMILY = "1,2";
				VALIDATE_PRODUCT = YES;
			};
			name = Release;
		};
		D4E1007717D84F8B006336F8 /* Debug */ = {
			isa = XCBuildConfiguration;
			buildSettings = {
				GCC_PRECOMPILE_PREFIX_HEADER = YES;
				GCC_PREFIX_HEADER = "EmployeeHrPortal/EmployeeHrPortal-Prefix.pch";
				INFOPLIST_FILE = "EmployeeHrPortal/EmployeeHrPortal-Info.plist";
				PRODUCT_NAME = "$(TARGET_NAME)";
				WRAPPER_EXTENSION = app;
			};
			name = Debug;
		};
		D4E1007817D84F8B006336F8 /* Release */ = {
			isa = XCBuildConfiguration;
			buildSettings = {
				GCC_PRECOMPILE_PREFIX_HEADER = YES;
				GCC_PREFIX_HEADER = "EmployeeHrPortal/EmployeeHrPortal-Prefix.pch";
				INFOPLIST_FILE = "EmployeeHrPortal/EmployeeHrPortal-Info.plist";
				PRODUCT_NAME = "$(TARGET_NAME)";
				WRAPPER_EXTENSION = app;
			};
			name = Release;
		};
/* End XCBuildConfiguration section */

/* Begin XCConfigurationList section */
		D4E1004B17D84F8B006336F8 /* Build configuration list for PBXProject "EmployeeHrPortal" */ = {
			isa = XCConfigurationList;
			buildConfigurations = (
				D4E1007417D84F8B006336F8 /* Debug */,
				D4E1007517D84F8B006336F8 /* Release */,
			);
			defaultConfigurationIsVisible = 0;
			defaultConfigurationName = Release;
		};
		D4E1007617D84F8B006336F8 /* Build configuration list for PBXNativeTarget "EmployeeHrPortal" */ = {
			isa = XCConfigurationList;
			buildConfigurations = (
				D4E1007717D84F8B006336F8 /* Debug */,
				D4E1007817D84F8B006336F8 /* Release */,
			);
			defaultConfigurationIsVisible = 0;
			defaultConfigurationName = Release;
		};
/* End XCConfigurationList section */
	};
	rootObject = D4E1004817D84F8B006336F8 /* Project object */;
}
